
Microsoft Visual Studio Solution File, Format Version 12.00
# Visual Studio Version 16
VisualStudioVersion = 16.0.31019.35
MinimumVisualStudioVersion = 10.0.40219.1
Project("{FAE04EC0-301F-11D3-BF4B-00C04F79EFBC}") = "week2", "week2\week2.csproj", "{1088543C-A582-4B18-83EE-63D7B4A3A0F6}"
EndProject
Project("{FAE04EC0-301F-11D3-BF4B-00C04F79EFBC}") = "zad2", "zad2\zad2.csproj", "{EE37F5A5-3236-4E4B-902F-30934558C042}"
EndProject
Global
	GlobalSection(SolutionConfigurationPlatforms) = preSolution
		Debug|Any CPU = Debug|Any CPU
		Release|Any CPU = Release|Any CPU
	EndGlobalSection
	GlobalSection(ProjectConfigurationPlatforms) = postSolution
		{1088543C-A582-4B18-83EE-63D7B4A3A0F6}.Debug|Any CPU.ActiveCfg = Debug|Any CPU
		{1088543C-A582-4B18-83EE-63D7B4A3A0F6}.Debug|Any CPU.Build.0 = Debug|Any CPU
		{1088543C-A582-4B18-83EE-63D7B4A3A0F6}.Release|Any CPU.ActiveCfg = Release|Any CPU
		{1088543C-A582-4B18-83EE-63D7B4A3A0F6}.Release|Any CPU.Build.0 = Release|Any CPU
		{EE37F5A5-3236-4E4B-902F-30934558C042}.Debug|Any CPU.ActiveCfg = Debug|Any CPU
		{EE37F5A5-3236-4E4B-902F-30934558C042}.Debug|Any CPU.Build.0 = Debug|Any CPU
		{EE37F5A5-3236-4E4B-902F-30934558C042}.Release|Any CPU.ActiveCfg = Release|Any CPU
		{EE37F5A5-3236-4E4B-902F-30934558C042}.Release|Any CPU.Build.0 = Release|Any CPU
	EndGlobalSection
	GlobalSection(SolutionProperties) = preSolution
		HideSolutionNode = FALSE
	EndGlobalSection
	GlobalSection(ExtensibilityGlobals) = postSolution
		SolutionGuid = {D93C99CA-A34B-4265-A8D7-B391050BE69B}
	EndGlobalSection
EndGlobal
