
Microsoft Visual Studio Solution File, Format Version 12.00
# Visual Studio Version 16
VisualStudioVersion = 16.0.31019.35
MinimumVisualStudioVersion = 10.0.40219.1
Project("{FAE04EC0-301F-11D3-BF4B-00C04F79EFBC}") = "TradeSerives", "TradeSerives\TradeSerives.csproj", "{2319D8BB-7752-48A3-BE91-06070EC6FE6C}"
EndProject
Project("{FAE04EC0-301F-11D3-BF4B-00C04F79EFBC}") = "TradeSOAPService", "TradeSOAPService\TradeSOAPService.csproj", "{4344BDBF-910B-4936-9A6C-A7C5CD2A1447}"
EndProject
Project("{FAE04EC0-301F-11D3-BF4B-00C04F79EFBC}") = "ProductClientApp", "ProductClientApp\ProductClientApp.csproj", "{1F5E4144-F4FB-4F19-830E-EF4668F89ADA}"
	ProjectSection(ProjectDependencies) = postProject
		{4344BDBF-910B-4936-9A6C-A7C5CD2A1447} = {4344BDBF-910B-4936-9A6C-A7C5CD2A1447}
	EndProjectSection
EndProject
Global
	GlobalSection(SolutionConfigurationPlatforms) = preSolution
		Debug|Any CPU = Debug|Any CPU
		Release|Any CPU = Release|Any CPU
	EndGlobalSection
	GlobalSection(ProjectConfigurationPlatforms) = postSolution
		{2319D8BB-7752-48A3-BE91-06070EC6FE6C}.Debug|Any CPU.ActiveCfg = Debug|Any CPU
		{2319D8BB-7752-48A3-BE91-06070EC6FE6C}.Debug|Any CPU.Build.0 = Debug|Any CPU
		{2319D8BB-7752-48A3-BE91-06070EC6FE6C}.Release|Any CPU.ActiveCfg = Release|Any CPU
		{2319D8BB-7752-48A3-BE91-06070EC6FE6C}.Release|Any CPU.Build.0 = Release|Any CPU
		{4344BDBF-910B-4936-9A6C-A7C5CD2A1447}.Debug|Any CPU.ActiveCfg = Debug|Any CPU
		{4344BDBF-910B-4936-9A6C-A7C5CD2A1447}.Debug|Any CPU.Build.0 = Debug|Any CPU
		{4344BDBF-910B-4936-9A6C-A7C5CD2A1447}.Release|Any CPU.ActiveCfg = Release|Any CPU
		{4344BDBF-910B-4936-9A6C-A7C5CD2A1447}.Release|Any CPU.Build.0 = Release|Any CPU
		{1F5E4144-F4FB-4F19-830E-EF4668F89ADA}.Debug|Any CPU.ActiveCfg = Debug|Any CPU
		{1F5E4144-F4FB-4F19-830E-EF4668F89ADA}.Debug|Any CPU.Build.0 = Debug|Any CPU
		{1F5E4144-F4FB-4F19-830E-EF4668F89ADA}.Release|Any CPU.ActiveCfg = Release|Any CPU
		{1F5E4144-F4FB-4F19-830E-EF4668F89ADA}.Release|Any CPU.Build.0 = Release|Any CPU
	EndGlobalSection
	GlobalSection(SolutionProperties) = preSolution
		HideSolutionNode = FALSE
	EndGlobalSection
	GlobalSection(ExtensibilityGlobals) = postSolution
		SolutionGuid = {BE0C0A04-F594-4FF6-9D3E-1BA57793627E}
	EndGlobalSection
EndGlobal
