
Microsoft Visual Studio Solution File, Format Version 12.00
# Visual Studio Version 16
VisualStudioVersion = 16.0.31019.35
MinimumVisualStudioVersion = 10.0.40219.1
Project("{FAE04EC0-301F-11D3-BF4B-00C04F79EFBC}") = "Zed1", "Zed1\Zed1.csproj", "{2A6FB2E2-FF16-47E9-8058-114442449B1C}"
EndProject
Project("{FAE04EC0-301F-11D3-BF4B-00C04F79EFBC}") = "Zad3", "Zad3\Zad3.csproj", "{6BD9718D-9E46-4EF6-BC42-33B4355EF760}"
EndProject
Global
	GlobalSection(SolutionConfigurationPlatforms) = preSolution
		Debug|Any CPU = Debug|Any CPU
		Release|Any CPU = Release|Any CPU
	EndGlobalSection
	GlobalSection(ProjectConfigurationPlatforms) = postSolution
		{2A6FB2E2-FF16-47E9-8058-114442449B1C}.Debug|Any CPU.ActiveCfg = Debug|Any CPU
		{2A6FB2E2-FF16-47E9-8058-114442449B1C}.Debug|Any CPU.Build.0 = Debug|Any CPU
		{2A6FB2E2-FF16-47E9-8058-114442449B1C}.Release|Any CPU.ActiveCfg = Release|Any CPU
		{2A6FB2E2-FF16-47E9-8058-114442449B1C}.Release|Any CPU.Build.0 = Release|Any CPU
		{6BD9718D-9E46-4EF6-BC42-33B4355EF760}.Debug|Any CPU.ActiveCfg = Debug|Any CPU
		{6BD9718D-9E46-4EF6-BC42-33B4355EF760}.Debug|Any CPU.Build.0 = Debug|Any CPU
		{6BD9718D-9E46-4EF6-BC42-33B4355EF760}.Release|Any CPU.ActiveCfg = Release|Any CPU
		{6BD9718D-9E46-4EF6-BC42-33B4355EF760}.Release|Any CPU.Build.0 = Release|Any CPU
	EndGlobalSection
	GlobalSection(SolutionProperties) = preSolution
		HideSolutionNode = FALSE
	EndGlobalSection
	GlobalSection(ExtensibilityGlobals) = postSolution
		SolutionGuid = {F3932E67-22F0-4D63-85EB-F7E94097F9A8}
	EndGlobalSection
EndGlobal
