
Microsoft Visual Studio Solution File, Format Version 12.00
# Visual Studio Version 16
VisualStudioVersion = 16.0.31019.35
MinimumVisualStudioVersion = 10.0.40219.1
Project("{9A19103F-16F7-4668-BE54-9A1E7A4F7556}") = "Problem1", "Homework5\Problem1.csproj", "{4AE5298B-8318-4E84-89B6-E1A18293343D}"
EndProject
Project("{FAE04EC0-301F-11D3-BF4B-00C04F79EFBC}") = "Problem2", "Problem2\Problem2.csproj", "{AC29FEB8-5C34-4C8E-9879-93026E59C58D}"
EndProject
Project("{FAE04EC0-301F-11D3-BF4B-00C04F79EFBC}") = "Problem3", "Problem3\Problem3.csproj", "{740534CD-E0F8-4C76-ABF4-B2548FEB5438}"
EndProject
Global
	GlobalSection(SolutionConfigurationPlatforms) = preSolution
		Debug|Any CPU = Debug|Any CPU
		Release|Any CPU = Release|Any CPU
	EndGlobalSection
	GlobalSection(ProjectConfigurationPlatforms) = postSolution
		{4AE5298B-8318-4E84-89B6-E1A18293343D}.Debug|Any CPU.ActiveCfg = Debug|Any CPU
		{4AE5298B-8318-4E84-89B6-E1A18293343D}.Debug|Any CPU.Build.0 = Debug|Any CPU
		{4AE5298B-8318-4E84-89B6-E1A18293343D}.Release|Any CPU.ActiveCfg = Release|Any CPU
		{4AE5298B-8318-4E84-89B6-E1A18293343D}.Release|Any CPU.Build.0 = Release|Any CPU
		{AC29FEB8-5C34-4C8E-9879-93026E59C58D}.Debug|Any CPU.ActiveCfg = Debug|Any CPU
		{AC29FEB8-5C34-4C8E-9879-93026E59C58D}.Debug|Any CPU.Build.0 = Debug|Any CPU
		{AC29FEB8-5C34-4C8E-9879-93026E59C58D}.Release|Any CPU.ActiveCfg = Release|Any CPU
		{AC29FEB8-5C34-4C8E-9879-93026E59C58D}.Release|Any CPU.Build.0 = Release|Any CPU
		{740534CD-E0F8-4C76-ABF4-B2548FEB5438}.Debug|Any CPU.ActiveCfg = Debug|Any CPU
		{740534CD-E0F8-4C76-ABF4-B2548FEB5438}.Debug|Any CPU.Build.0 = Debug|Any CPU
		{740534CD-E0F8-4C76-ABF4-B2548FEB5438}.Release|Any CPU.ActiveCfg = Release|Any CPU
		{740534CD-E0F8-4C76-ABF4-B2548FEB5438}.Release|Any CPU.Build.0 = Release|Any CPU
	EndGlobalSection
	GlobalSection(SolutionProperties) = preSolution
		HideSolutionNode = FALSE
	EndGlobalSection
	GlobalSection(ExtensibilityGlobals) = postSolution
		SolutionGuid = {5ECE9B7E-9E83-4571-8A3E-FB79842B0222}
	EndGlobalSection
EndGlobal
